// !$*UTF8*$!
{
	archiveVersion = 1;
	classes = {
	};
	objectVersion = 56;
	objects = {

/* Begin PBXBuildFile section */
		0690589E2BB40CEE00538344 /* AppDelegate.swift in Sources */ = {isa = PBXBuildFile; fileRef = 0690589D2BB40CEE00538344 /* AppDelegate.swift */; };
		069058A22BB40CEE00538344 /* ViewController.swift in Sources */ = {isa = PBXBuildFile; fileRef = 069058A12BB40CEE00538344 /* ViewController.swift */; };
		069058A52BB40CEE00538344 /* Main.storyboard in Resources */ = {isa = PBXBuildFile; fileRef = 069058A32BB40CEE00538344 /* Main.storyboard */; };
		069058A72BB40CEF00538344 /* Assets.xcassets in Resources */ = {isa = PBXBuildFile; fileRef = 069058A62BB40CEF00538344 /* Assets.xcassets */; };
		069058B22BB40EA900538344 /* SolarIOSInterview.json in Resources */ = {isa = PBXBuildFile; fileRef = 069058B12BB40EA900538344 /* SolarIOSInterview.json */; };
		069058BB2BB421E700538344 /* InstructiontCell.swift in Sources */ = {isa = PBXBuildFile; fileRef = 069058BA2BB421E700538344 /* InstructiontCell.swift */; };
		069058BD2BB421F100538344 /* InstructiontCell.xib in Resources */ = {isa = PBXBuildFile; fileRef = 069058BC2BB421F100538344 /* InstructiontCell.xib */; };
/* End PBXBuildFile section */

/* Begin PBXFileReference section */
		0690589A2BB40CEE00538344 /* SolarTestInterview.app */ = {isa = PBXFileReference; explicitFileType = wrapper.application; includeInIndex = 0; path = SolarTestInterview.app; sourceTree = BUILT_PRODUCTS_DIR; };
		0690589D2BB40CEE00538344 /* AppDelegate.swift */ = {isa = PBXFileReference; lastKnownFileType = sourcecode.swift; path = AppDelegate.swift; sourceTree = "<group>"; };
		069058A12BB40CEE00538344 /* ViewController.swift */ = {isa = PBXFileReference; lastKnownFileType = sourcecode.swift; path = ViewController.swift; sourceTree = "<group>"; };
		069058A42BB40CEE00538344 /* Base */ = {isa = PBXFileReference; lastKnownFileType = file.storyboard; name = Base; path = Base.lproj/Main.storyboard; sourceTree = "<group>"; };
		069058A62BB40CEF00538344 /* Assets.xcassets */ = {isa = PBXFileReference; lastKnownFileType = folder.assetcatalog; path = Assets.xcassets; sourceTree = "<group>"; };
		069058AB2BB40CEF00538344 /* Info.plist */ = {isa = PBXFileReference; lastKnownFileType = text.plist.xml; path = Info.plist; sourceTree = "<group>"; };
		069058B12BB40EA900538344 /* SolarIOSInterview.json */ = {isa = PBXFileReference; fileEncoding = 4; lastKnownFileType = text.json; path = SolarIOSInterview.json; sourceTree = "<group>"; };
		069058BA2BB421E700538344 /* InstructiontCell.swift */ = {isa = PBXFileReference; lastKnownFileType = sourcecode.swift; path = InstructiontCell.swift; sourceTree = "<group>"; };
		069058BC2BB421F100538344 /* InstructiontCell.xib */ = {isa = PBXFileReference; lastKnownFileType = file.xib; path = InstructiontCell.xib; sourceTree = "<group>"; };
/* End PBXFileReference section */

/* Begin PBXFrameworksBuildPhase section */
		069058972BB40CEE00538344 /* Frameworks */ = {
			isa = PBXFrameworksBuildPhase;
			buildActionMask = 2147483647;
			files = (
			);
			runOnlyForDeploymentPostprocessing = 0;
		};
/* End PBXFrameworksBuildPhase section */

/* Begin PBXGroup section */
		069058912BB40CEE00538344 = {
			isa = PBXGroup;
			children = (
				0690589C2BB40CEE00538344 /* SolarTestInterview */,
				0690589B2BB40CEE00538344 /* Products */,
			);
			sourceTree = "<group>";
		};
		0690589B2BB40CEE00538344 /* Products */ = {
			isa = PBXGroup;
			children = (
				0690589A2BB40CEE00538344 /* SolarTestInterview.app */,
			);
			name = Products;
			sourceTree = "<group>";
		};
		0690589C2BB40CEE00538344 /* SolarTestInterview */ = {
			isa = PBXGroup;
			children = (
				0690589D2BB40CEE00538344 /* AppDelegate.swift */,
				069058B32BB414AE00538344 /* Resource */,
				069058B42BB414B600538344 /* JS */,
				069058A62BB40CEF00538344 /* Assets.xcassets */,
				069058AB2BB40CEF00538344 /* Info.plist */,
			);
			path = SolarTestInterview;
			sourceTree = "<group>";
		};
		069058B32BB414AE00538344 /* Resource */ = {
			isa = PBXGroup;
			children = (
				069058B92BB421D700538344 /* Cell */,
				069058A12BB40CEE00538344 /* ViewController.swift */,
				069058A32BB40CEE00538344 /* Main.storyboard */,
			);
			path = Resource;
			sourceTree = "<group>";
		};
		069058B42BB414B600538344 /* JS */ = {
			isa = PBXGroup;
			children = (
				069058B12BB40EA900538344 /* SolarIOSInterview.json */,
			);
			path = JS;
			sourceTree = "<group>";
		};
		069058B92BB421D700538344 /* Cell */ = {
			isa = PBXGroup;
			children = (
				069058BA2BB421E700538344 /* InstructiontCell.swift */,
				069058BC2BB421F100538344 /* InstructiontCell.xib */,
			);
			path = Cell;
			sourceTree = "<group>";
		};
/* End PBXGroup section */

/* Begin PBXNativeTarget section */
		069058992BB40CEE00538344 /* SolarTestInterview */ = {
			isa = PBXNativeTarget;
			buildConfigurationList = 069058AE2BB40CEF00538344 /* Build configuration list for PBXNativeTarget "SolarTestInterview" */;
			buildPhases = (
				069058962BB40CEE00538344 /* Sources */,
				069058972BB40CEE00538344 /* Frameworks */,
				069058982BB40CEE00538344 /* Resources */,
			);
			buildRules = (
			);
			dependencies = (
			);
			name = SolarTestInterview;
			productName = SolarTestInterview;
			productReference = 0690589A2BB40CEE00538344 /* SolarTestInterview.app */;
			productType = "com.apple.product-type.application";
		};
/* End PBXNativeTarget section */

/* Begin PBXProject section */
		069058922BB40CEE00538344 /* Project object */ = {
			isa = PBXProject;
			attributes = {
				BuildIndependentTargetsInParallel = 1;
				LastSwiftUpdateCheck = 1520;
				LastUpgradeCheck = 1520;
				TargetAttributes = {
					069058992BB40CEE00538344 = {
						CreatedOnToolsVersion = 15.2;
					};
				};
			};
			buildConfigurationList = 069058952BB40CEE00538344 /* Build configuration list for PBXProject "SolarTestInterview" */;
			compatibilityVersion = "Xcode 14.0";
			developmentRegion = en;
			hasScannedForEncodings = 0;
			knownRegions = (
				en,
				Base,
			);
			mainGroup = 069058912BB40CEE00538344;
			productRefGroup = 0690589B2BB40CEE00538344 /* Products */;
			projectDirPath = "";
			projectRoot = "";
			targets = (
				069058992BB40CEE00538344 /* SolarTestInterview */,
			);
		};
/* End PBXProject section */

/* Begin PBXResourcesBuildPhase section */
		069058982BB40CEE00538344 /* Resources */ = {
			isa = PBXResourcesBuildPhase;
			buildActionMask = 2147483647;
			files = (
				069058A72BB40CEF00538344 /* Assets.xcassets in Resources */,
				069058B22BB40EA900538344 /* SolarIOSInterview.json in Resources */,
				069058A52BB40CEE00538344 /* Main.storyboard in Resources */,
				069058BD2BB421F100538344 /* InstructiontCell.xib in Resources */,
			);
			runOnlyForDeploymentPostprocessing = 0;
		};
/* End PBXResourcesBuildPhase section */

/* Begin PBXSourcesBuildPhase section */
		069058962BB40CEE00538344 /* Sources */ = {
			isa = PBXSourcesBuildPhase;
			buildActionMask = 2147483647;
			files = (
				069058A22BB40CEE00538344 /* ViewController.swift in Sources */,
				0690589E2BB40CEE00538344 /* AppDelegate.swift in Sources */,
				069058BB2BB421E700538344 /* InstructiontCell.swift in Sources */,
			);
			runOnlyForDeploymentPostprocessing = 0;
		};
/* End PBXSourcesBuildPhase section */

/* Begin PBXVariantGroup section */
		069058A32BB40CEE00538344 /* Main.storyboard */ = {
			isa = PBXVariantGroup;
			children = (
				069058A42BB40CEE00538344 /* Base */,
			);
			name = Main.storyboard;
			sourceTree = "<group>";
		};
/* End PBXVariantGroup section */

/* Begin XCBuildConfiguration section */
		069058AC2BB40CEF00538344 /* Debug */ = {
			isa = XCBuildConfiguration;
			buildSettings = {
				ALWAYS_SEARCH_USER_PATHS = NO;
				ASSETCATALOG_COMPILER_GENERATE_SWIFT_ASSET_SYMBOL_EXTENSIONS = YES;
				CLANG_ANALYZER_NONNULL = YES;
				CLANG_ANALYZER_NUMBER_OBJECT_CONVERSION = YES_AGGRESSIVE;
				CLANG_CXX_LANGUAGE_STANDARD = "gnu++20";
				CLANG_ENABLE_MODULES = YES;
				CLANG_ENABLE_OBJC_ARC = YES;
				CLANG_ENABLE_OBJC_WEAK = YES;
				CLANG_WARN_BLOCK_CAPTURE_AUTORELEASING = YES;
				CLANG_WARN_BOOL_CONVERSION = YES;
				CLANG_WARN_COMMA = YES;
				CLANG_WARN_CONSTANT_CONVERSION = YES;
				CLANG_WARN_DEPRECATED_OBJC_IMPLEMENTATIONS = YES;
				CLANG_WARN_DIRECT_OBJC_ISA_USAGE = YES_ERROR;
				CLANG_WARN_DOCUMENTATION_COMMENTS = YES;
				CLANG_WARN_EMPTY_BODY = YES;
				CLANG_WARN_ENUM_CONVERSION = YES;
				CLANG_WARN_INFINITE_RECURSION = YES;
				CLANG_WARN_INT_CONVERSION = YES;
				CLANG_WARN_NON_LITERAL_NULL_CONVERSION = YES;
				CLANG_WARN_OBJC_IMPLICIT_RETAIN_SELF = YES;
				CLANG_WARN_OBJC_LITERAL_CONVERSION = YES;
				CLANG_WARN_OBJC_ROOT_CLASS = YES_ERROR;
				CLANG_WARN_QUOTED_INCLUDE_IN_FRAMEWORK_HEADER = YES;
				CLANG_WARN_RANGE_LOOP_ANALYSIS = YES;
				CLANG_WARN_STRICT_PROTOTYPES = YES;
				CLANG_WARN_SUSPICIOUS_MOVE = YES;
				CLANG_WARN_UNGUARDED_AVAILABILITY = YES_AGGRESSIVE;
				CLANG_WARN_UNREACHABLE_CODE = YES;
				CLANG_WARN__DUPLICATE_METHOD_MATCH = YES;
				COPY_PHASE_STRIP = NO;
				DEBUG_INFORMATION_FORMAT = dwarf;
				ENABLE_STRICT_OBJC_MSGSEND = YES;
				ENABLE_TESTABILITY = YES;
				ENABLE_USER_SCRIPT_SANDBOXING = YES;
				GCC_C_LANGUAGE_STANDARD = gnu17;
				GCC_DYNAMIC_NO_PIC = NO;
				GCC_NO_COMMON_BLOCKS = YES;
				GCC_OPTIMIZATION_LEVEL = 0;
				GCC_PREPROCESSOR_DEFINITIONS = (
					"DEBUG=1",
					"$(inherited)",
				);
				GCC_WARN_64_TO_32_BIT_CONVERSION = YES;
				GCC_WARN_ABOUT_RETURN_TYPE = YES_ERROR;
				GCC_WARN_UNDECLARED_SELECTOR = YES;
				GCC_WARN_UNINITIALIZED_AUTOS = YES_AGGRESSIVE;
				GCC_WARN_UNUSED_FUNCTION = YES;
				GCC_WARN_UNUSED_VARIABLE = YES;
				IPHONEOS_DEPLOYMENT_TARGET = 15.0;
				LOCALIZATION_PREFERS_STRING_CATALOGS = YES;
				MTL_ENABLE_DEBUG_INFO = INCLUDE_SOURCE;
				MTL_FAST_MATH = YES;
				ONLY_ACTIVE_ARCH = YES;
				SDKROOT = iphoneos;
				SWIFT_ACTIVE_COMPILATION_CONDITIONS = "DEBUG $(inherited)";
				SWIFT_OPTIMIZATION_LEVEL = "-Onone";
			};
			name = Debug;
		};
		069058AD2BB40CEF00538344 /* Release */ = {
			isa = XCBuildConfiguration;
			buildSettings = {
				ALWAYS_SEARCH_USER_PATHS = NO;
				ASSETCATALOG_COMPILER_GENERATE_SWIFT_ASSET_SYMBOL_EXTENSIONS = YES;
				CLANG_ANALYZER_NONNULL = YES;
				CLANG_ANALYZER_NUMBER_OBJECT_CONVERSION = YES_AGGRESSIVE;
				CLANG_CXX_LANGUAGE_STANDARD = "gnu++20";
				CLANG_ENABLE_MODULES = YES;
				CLANG_ENABLE_OBJC_ARC = YES;
				CLANG_ENABLE_OBJC_WEAK = YES;
				CLANG_WARN_BLOCK_CAPTURE_AUTORELEASING = YES;
				CLANG_WARN_BOOL_CONVERSION = YES;
				CLANG_WARN_COMMA = YES;
				CLANG_WARN_CONSTANT_CONVERSION = YES;
				CLANG_WARN_DEPRECATED_OBJC_IMPLEMENTATIONS = YES;
				CLANG_WARN_DIRECT_OBJC_ISA_USAGE = YES_ERROR;
				CLANG_WARN_DOCUMENTATION_COMMENTS = YES;
				CLANG_WARN_EMPTY_BODY = YES;
				CLANG_WARN_ENUM_CONVERSION = YES;
				CLANG_WARN_INFINITE_RECURSION = YES;
				CLANG_WARN_INT_CONVERSION = YES;
				CLANG_WARN_NON_LITERAL_NULL_CONVERSION = YES;
				CLANG_WARN_OBJC_IMPLICIT_RETAIN_SELF = YES;
				CLANG_WARN_OBJC_LITERAL_CONVERSION = YES;
				CLANG_WARN_OBJC_ROOT_CLASS = YES_ERROR;
				CLANG_WARN_QUOTED_INCLUDE_IN_FRAMEWORK_HEADER = YES;
				CLANG_WARN_RANGE_LOOP_ANALYSIS = YES;
				CLANG_WARN_STRICT_PROTOTYPES = YES;
				CLANG_WARN_SUSPICIOUS_MOVE = YES;
				CLANG_WARN_UNGUARDED_AVAILABILITY = YES_AGGRESSIVE;
				CLANG_WARN_UNREACHABLE_CODE = YES;
				CLANG_WARN__DUPLICATE_METHOD_MATCH = YES;
				COPY_PHASE_STRIP = NO;
				DEBUG_INFORMATION_FORMAT = "dwarf-with-dsym";
				ENABLE_NS_ASSERTIONS = NO;
				ENABLE_STRICT_OBJC_MSGSEND = YES;
				ENABLE_USER_SCRIPT_SANDBOXING = YES;
				GCC_C_LANGUAGE_STANDARD = gnu17;
				GCC_NO_COMMON_BLOCKS = YES;
				GCC_WARN_64_TO_32_BIT_CONVERSION = YES;
				GCC_WARN_ABOUT_RETURN_TYPE = YES_ERROR;
				GCC_WARN_UNDECLARED_SELECTOR = YES;
				GCC_WARN_UNINITIALIZED_AUTOS = YES_AGGRESSIVE;
				GCC_WARN_UNUSED_FUNCTION = YES;
				GCC_WARN_UNUSED_VARIABLE = YES;
				IPHONEOS_DEPLOYMENT_TARGET = 15.0;
				LOCALIZATION_PREFERS_STRING_CATALOGS = YES;
				MTL_ENABLE_DEBUG_INFO = NO;
				MTL_FAST_MATH = YES;
				SDKROOT = iphoneos;
				SWIFT_COMPILATION_MODE = wholemodule;
				VALIDATE_PRODUCT = YES;
			};
			name = Release;
		};
		069058AF2BB40CEF00538344 /* Debug */ = {
			isa = XCBuildConfiguration;
			buildSettings = {
				ASSETCATALOG_COMPILER_APPICON_NAME = AppIcon;
				ASSETCATALOG_COMPILER_GLOBAL_ACCENT_COLOR_NAME = AccentColor;
				CODE_SIGN_STYLE = Automatic;
				CURRENT_PROJECT_VERSION = 1;
				DEVELOPMENT_TEAM = "";
				GENERATE_INFOPLIST_FILE = YES;
				INFOPLIST_FILE = SolarTestInterview/Info.plist;
				INFOPLIST_KEY_UIApplicationSupportsIndirectInputEvents = YES;
				INFOPLIST_KEY_UILaunchStoryboardName = LaunchScreen;
				INFOPLIST_KEY_UIMainStoryboardFile = Main;
				INFOPLIST_KEY_UISupportedInterfaceOrientations_iPad = "UIInterfaceOrientationPortrait UIInterfaceOrientationPortraitUpsideDown UIInterfaceOrientationLandscapeLeft UIInterfaceOrientationLandscapeRight";
				INFOPLIST_KEY_UISupportedInterfaceOrientations_iPhone = "UIInterfaceOrientationPortrait UIInterfaceOrientationLandscapeLeft UIInterfaceOrientationLandscapeRight";
				LD_RUNPATH_SEARCH_PATHS = (
					"$(inherited)",
					"@executable_path/Frameworks",
				);
				MARKETING_VERSION = 1.0;
				PRODUCT_BUNDLE_IDENTIFIER = com.thunt.SolarTest.SolarTestInterview;
				PRODUCT_NAME = "$(TARGET_NAME)";
				SWIFT_EMIT_LOC_STRINGS = YES;
				SWIFT_VERSION = 5.0;
				TARGETED_DEVICE_FAMILY = "1,2";
			};
			name = Debug;
		};
		069058B02BB40CEF00538344 /* Release */ = {
			isa = XCBuildConfiguration;
			buildSettings = {
				ASSETCATALOG_COMPILER_APPICON_NAME = AppIcon;
				ASSETCATALOG_COMPILER_GLOBAL_ACCENT_COLOR_NAME = AccentColor;
				CODE_SIGN_STYLE = Automatic;
				CURRENT_PROJECT_VERSION = 1;
				DEVELOPMENT_TEAM = "";
				GENERATE_INFOPLIST_FILE = YES;
				INFOPLIST_FILE = SolarTestInterview/Info.plist;
				INFOPLIST_KEY_UIApplicationSupportsIndirectInputEvents = YES;
				INFOPLIST_KEY_UILaunchStoryboardName = LaunchScreen;
				INFOPLIST_KEY_UIMainStoryboardFile = Main;
				INFOPLIST_KEY_UISupportedInterfaceOrientations_iPad = "UIInterfaceOrientationPortrait UIInterfaceOrientationPortraitUpsideDown UIInterfaceOrientationLandscapeLeft UIInterfaceOrientationLandscapeRight";
				INFOPLIST_KEY_UISupportedInterfaceOrientations_iPhone = "UIInterfaceOrientationPortrait UIInterfaceOrientationLandscapeLeft UIInterfaceOrientationLandscapeRight";
				LD_RUNPATH_SEARCH_PATHS = (
					"$(inherited)",
					"@executable_path/Frameworks",
				);
				MARKETING_VERSION = 1.0;
				PRODUCT_BUNDLE_IDENTIFIER = com.thunt.SolarTest.SolarTestInterview;
				PRODUCT_NAME = "$(TARGET_NAME)";
				SWIFT_EMIT_LOC_STRINGS = YES;
				SWIFT_VERSION = 5.0;
				TARGETED_DEVICE_FAMILY = "1,2";
			};
			name = Release;
		};
/* End XCBuildConfiguration section */

/* Begin XCConfigurationList section */
		069058952BB40CEE00538344 /* Build configuration list for PBXProject "SolarTestInterview" */ = {
			isa = XCConfigurationList;
			buildConfigurations = (
				069058AC2BB40CEF00538344 /* Debug */,
				069058AD2BB40CEF00538344 /* Release */,
			);
			defaultConfigurationIsVisible = 0;
			defaultConfigurationName = Release;
		};
		069058AE2BB40CEF00538344 /* Build configuration list for PBXNativeTarget "SolarTestInterview" */ = {
			isa = XCConfigurationList;
			buildConfigurations = (
				069058AF2BB40CEF00538344 /* Debug */,
				069058B02BB40CEF00538344 /* Release */,
			);
			defaultConfigurationIsVisible = 0;
			defaultConfigurationName = Release;
		};
/* End XCConfigurationList section */
	};
	rootObject = 069058922BB40CEE00538344 /* Project object */;
}
